{
  "version": 4,
  "terraform_version": "1.12.2",
  "serial": 41,
  "lineage": "c97a4019-ab85-ca65-1186-d4e089b0f46c",
  "outputs": {
    "athena_output_bucket": {
      "value": "weather-data-yy-athena-output",
      "type": "string"
    },
    "athena_workgroup_name": {
      "value": "weather-finder-workgroup",
      "type": "string"
    },
    "glue_database_name": {
      "value": "weather_finder_db",
      "type": "string"
    },
    "glue_table_name": {
      "value": "historic_weather",
      "type": "string"
    },
    "resource_status": {
      "value": {
        "athena_output_exists": "Will be created by Terraform",
        "athena_workgroup_exists": "Unknown - will be created if needed",
        "glue_database_exists": "Unknown - will be created if needed",
        "s3_bucket_exists": true
      },
      "type": [
        "object",
        {
          "athena_output_exists": "string",
          "athena_workgroup_exists": "string",
          "glue_database_exists": "string",
          "s3_bucket_exists": "bool"
        }
      ]
    },
    "s3_bucket_name": {
      "value": "weather-data-yy",
      "type": "string"
    }
  },
  "resources": [
    {
      "mode": "data",
      "type": "aws_caller_identity",
      "name": "current",
      "provider": "provider[\"registry.terraform.io/hashicorp/aws\"]",
      "instances": [
        {
          "schema_version": 0,
          "attributes": {
            "account_id": "005535963932",
            "arn": "arn:aws:iam::005535963932:user/devuser",
            "id": "005535963932",
            "user_id": "AIDAQCSPYDMOCUDGR2SOU"
          },
          "sensitive_attributes": [],
          "identity_schema_version": 0
        }
      ]
    },
    {
      "mode": "data",
      "type": "aws_s3_bucket",
      "name": "existing_weather_data",
      "provider": "provider[\"registry.terraform.io/hashicorp/aws\"]",
      "instances": [
        {
          "index_key": 0,
          "schema_version": 0,
          "attributes": {
            "arn": "arn:aws:s3:::weather-data-yy",
            "bucket": "weather-data-yy",
            "bucket_domain_name": "weather-data-yy.s3.amazonaws.com",
            "bucket_regional_domain_name": "weather-data-yy.s3.us-east-1.amazonaws.com",
            "hosted_zone_id": "Z3AQBSTGFYJSTF",
            "id": "weather-data-yy",
            "region": "us-east-1",
            "website_domain": null,
            "website_endpoint": null
          },
          "sensitive_attributes": [],
          "identity_schema_version": 0
        }
      ]
    },
    {
      "mode": "managed",
      "type": "aws_athena_workgroup",
      "name": "weather_workgroup",
      "provider": "provider[\"registry.terraform.io/hashicorp/aws\"]",
      "instances": [
        {
          "index_key": 0,
          "schema_version": 0,
          "attributes": {
            "arn": "arn:aws:athena:us-east-1:005535963932:workgroup/weather-finder-workgroup",
            "configuration": [
              {
                "bytes_scanned_cutoff_per_query": 0,
                "enforce_workgroup_configuration": true,
                "engine_version": [
                  {
                    "effective_engine_version": "Athena engine version 3",
                    "selected_engine_version": "Athena engine version 3"
                  }
                ],
                "execution_role": "",
                "publish_cloudwatch_metrics_enabled": true,
                "requester_pays_enabled": false,
                "result_configuration": [
                  {
                    "acl_configuration": [],
                    "encryption_configuration": [
                      {
                        "encryption_option": "SSE_S3",
                        "kms_key_arn": ""
                      }
                    ],
                    "expected_bucket_owner": "",
                    "output_location": "s3://weather-data-yy-athena-output/"
                  }
                ]
              }
            ],
            "description": "",
            "force_destroy": false,
            "id": "weather-finder-workgroup",
            "name": "weather-finder-workgroup",
            "state": "ENABLED",
            "tags": {
              "Name": "Weather Finder Athena Workgroup"
            },
            "tags_all": {
              "Environment": "dev",
              "ManagedBy": "terraform",
              "Name": "Weather Finder Athena Workgroup",
              "Project": "weather-finder"
            }
          },
          "sensitive_attributes": [],
          "identity_schema_version": 0,
          "private": "bnVsbA==",
          "dependencies": [
            "aws_s3_bucket.athena_output"
          ]
        }
      ]
    },
    {
      "mode": "managed",
      "type": "aws_glue_catalog_database",
      "name": "weather_db",
      "provider": "provider[\"registry.terraform.io/hashicorp/aws\"]",
      "instances": [
        {
          "index_key": 0,
          "schema_version": 0,
          "attributes": {
            "arn": "arn:aws:glue:us-east-1:005535963932:database/weather_finder_db",
            "catalog_id": "005535963932",
            "create_table_default_permission": [
              {
                "permissions": [
                  "ALL"
                ],
                "principal": [
                  {
                    "data_lake_principal_identifier": "IAM_ALLOWED_PRINCIPALS"
                  }
                ]
              }
            ],
            "description": "Weather Finder historic data database",
            "federated_database": [],
            "id": "005535963932:weather_finder_db",
            "location_uri": "",
            "name": "weather_finder_db",
            "parameters": {},
            "tags": {},
            "tags_all": {
              "Environment": "dev",
              "ManagedBy": "terraform",
              "Project": "weather-finder"
            },
            "target_database": []
          },
          "sensitive_attributes": [],
          "identity_schema_version": 0,
          "private": "bnVsbA==",
          "dependencies": [
            "data.aws_caller_identity.current"
          ]
        }
      ]
    },
    {
      "mode": "managed",
      "type": "aws_glue_catalog_table",
      "name": "weather_table",
      "provider": "provider[\"registry.terraform.io/hashicorp/aws\"]",
      "instances": [
        {
          "index_key": 0,
          "schema_version": 0,
          "attributes": {
            "arn": "arn:aws:glue:us-east-1:005535963932:table/weather_finder_db/historic_weather",
            "catalog_id": "005535963932",
            "database_name": "weather_finder_db",
            "description": "Historic weather data table",
            "id": "005535963932:weather_finder_db:historic_weather",
            "name": "historic_weather",
            "open_table_format_input": [],
            "owner": "",
            "parameters": {
              "EXTERNAL": "TRUE",
              "parquet.compression": "SNAPPY"
            },
            "partition_index": null,
            "partition_keys": [
              {
                "comment": "",
                "name": "location",
                "type": "string"
              },
              {
                "comment": "",
                "name": "year",
                "type": "int"
              },
              {
                "comment": "",
                "name": "month",
                "type": "int"
              },
              {
                "comment": "",
                "name": "day",
                "type": "int"
              }
            ],
            "retention": 0,
            "storage_descriptor": [
              {
                "additional_locations": null,
                "bucket_columns": null,
                "columns": [
                  {
                    "comment": "",
                    "name": "location",
                    "parameters": null,
                    "type": "string"
                  },
                  {
                    "comment": "",
                    "name": "date",
                    "parameters": null,
                    "type": "string"
                  },
                  {
                    "comment": "",
                    "name": "hour",
                    "parameters": null,
                    "type": "int"
                  },
                  {
                    "comment": "",
                    "name": "temperature_celsius",
                    "parameters": null,
                    "type": "double"
                  },
                  {
                    "comment": "",
                    "name": "wind_speed_kmh",
                    "parameters": null,
                    "type": "double"
                  },
                  {
                    "comment": "",
                    "name": "precipitation_mm",
                    "parameters": null,
                    "type": "double"
                  },
                  {
                    "comment": "",
                    "name": "cloud_coverage_percent",
                    "parameters": null,
                    "type": "double"
                  },
                  {
                    "comment": "",
                    "name": "ingestion_timestamp",
                    "parameters": null,
                    "type": "string"
                  }
                ],
                "compressed": false,
                "input_format": "org.apache.hadoop.hive.ql.io.parquet.MapredParquetInputFormat",
                "location": "s3://weather-data-yy/weather-data/",
                "number_of_buckets": 0,
                "output_format": "org.apache.hadoop.hive.ql.io.parquet.MapredParquetOutputFormat",
                "parameters": null,
                "schema_reference": [],
                "ser_de_info": [
                  {
                    "name": "ParquetHiveSerDe",
                    "parameters": null,
                    "serialization_library": "org.apache.hadoop.hive.ql.io.parquet.serde.ParquetHiveSerDe"
                  }
                ],
                "skewed_info": [],
                "sort_columns": [],
                "stored_as_sub_directories": false
              }
            ],
            "table_type": "EXTERNAL_TABLE",
            "target_table": [],
            "view_expanded_text": "",
            "view_original_text": ""
          },
          "sensitive_attributes": [],
          "identity_schema_version": 0,
          "private": "bnVsbA==",
          "dependencies": [
            "aws_glue_catalog_database.weather_db",
            "aws_s3_bucket.weather_data",
            "data.aws_caller_identity.current",
            "data.aws_s3_bucket.existing_weather_data"
          ]
        }
      ]
    },
    {
      "mode": "managed",
      "type": "aws_s3_bucket",
      "name": "athena_output",
      "provider": "provider[\"registry.terraform.io/hashicorp/aws\"]",
      "instances": [
        {
          "index_key": 0,
          "schema_version": 0,
          "attributes": {
            "acceleration_status": "",
            "acl": null,
            "arn": "arn:aws:s3:::weather-data-yy-athena-output",
            "bucket": "weather-data-yy-athena-output",
            "bucket_domain_name": "weather-data-yy-athena-output.s3.amazonaws.com",
            "bucket_prefix": "",
            "bucket_regional_domain_name": "weather-data-yy-athena-output.s3.us-east-1.amazonaws.com",
            "cors_rule": [],
            "force_destroy": false,
            "grant": [
              {
                "id": "bc172d0ccf109b32d3e2eac490ff5e622c3e6804ad42ac2b03f9771645f0403b",
                "permissions": [
                  "FULL_CONTROL"
                ],
                "type": "CanonicalUser",
                "uri": ""
              }
            ],
            "hosted_zone_id": "Z3AQBSTGFYJSTF",
            "id": "weather-data-yy-athena-output",
            "lifecycle_rule": [
              {
                "abort_incomplete_multipart_upload_days": 0,
                "enabled": true,
                "expiration": [
                  {
                    "date": "",
                    "days": 30,
                    "expired_object_delete_marker": false
                  }
                ],
                "id": "cleanup_old_query_results",
                "noncurrent_version_expiration": [
                  {
                    "days": 7
                  }
                ],
                "noncurrent_version_transition": [],
                "prefix": "",
                "tags": {},
                "transition": []
              }
            ],
            "logging": [],
            "object_lock_configuration": [],
            "object_lock_enabled": false,
            "policy": "",
            "region": "us-east-1",
            "replication_configuration": [],
            "request_payer": "BucketOwner",
            "server_side_encryption_configuration": [
              {
                "rule": [
                  {
                    "apply_server_side_encryption_by_default": [
                      {
                        "kms_master_key_id": "",
                        "sse_algorithm": "AES256"
                      }
                    ],
                    "bucket_key_enabled": false
                  }
                ]
              }
            ],
            "tags": {
              "Description": "S3 bucket for Athena query results",
              "Name": "Weather Finder Athena Output"
            },
            "tags_all": {
              "Description": "S3 bucket for Athena query results",
              "Environment": "dev",
              "ManagedBy": "terraform",
              "Name": "Weather Finder Athena Output",
              "Project": "weather-finder"
            },
            "timeouts": null,
            "versioning": [
              {
                "enabled": true,
                "mfa_delete": false
              }
            ],
            "website": [],
            "website_domain": null,
            "website_endpoint": null
          },
          "sensitive_attributes": [],
          "identity_schema_version": 0,
          "private": "eyJlMmJmYjczMC1lY2FhLTExZTYtOGY4OC0zNDM2M2JjN2M0YzAiOnsiY3JlYXRlIjoxMjAwMDAwMDAwMDAwLCJkZWxldGUiOjM2MDAwMDAwMDAwMDAsInJlYWQiOjEyMDAwMDAwMDAwMDAsInVwZGF0ZSI6MTIwMDAwMDAwMDAwMH19"
        }
      ]
    },
    {
      "mode": "managed",
      "type": "aws_s3_bucket_lifecycle_configuration",
      "name": "athena_output",
      "provider": "provider[\"registry.terraform.io/hashicorp/aws\"]",
      "instances": [
        {
          "index_key": 0,
          "schema_version": 1,
          "attributes": {
            "bucket": "weather-data-yy-athena-output",
            "expected_bucket_owner": "",
            "id": "weather-data-yy-athena-output",
            "rule": [
              {
                "abort_incomplete_multipart_upload": [],
                "expiration": [
                  {
                    "date": null,
                    "days": 30,
                    "expired_object_delete_marker": false
                  }
                ],
                "filter": [
                  {
                    "and": [],
                    "object_size_greater_than": null,
                    "object_size_less_than": null,
                    "prefix": "",
                    "tag": []
                  }
                ],
                "id": "cleanup_old_query_results",
                "noncurrent_version_expiration": [
                  {
                    "newer_noncurrent_versions": null,
                    "noncurrent_days": 7
                  }
                ],
                "noncurrent_version_transition": [],
                "prefix": "",
                "status": "Enabled",
                "transition": []
              }
            ],
            "timeouts": null,
            "transition_default_minimum_object_size": "all_storage_classes_128K"
          },
          "sensitive_attributes": [],
          "identity_schema_version": 0,
          "dependencies": [
            "aws_s3_bucket.athena_output"
          ]
        }
      ]
    },
    {
      "mode": "managed",
      "type": "aws_s3_bucket_public_access_block",
      "name": "athena_output",
      "provider": "provider[\"registry.terraform.io/hashicorp/aws\"]",
      "instances": [
        {
          "index_key": 0,
          "schema_version": 0,
          "attributes": {
            "block_public_acls": true,
            "block_public_policy": true,
            "bucket": "weather-data-yy-athena-output",
            "id": "weather-data-yy-athena-output",
            "ignore_public_acls": true,
            "restrict_public_buckets": true
          },
          "sensitive_attributes": [],
          "identity_schema_version": 0,
          "private": "bnVsbA==",
          "dependencies": [
            "aws_s3_bucket.athena_output"
          ]
        }
      ]
    },
    {
      "mode": "managed",
      "type": "aws_s3_bucket_server_side_encryption_configuration",
      "name": "athena_output",
      "provider": "provider[\"registry.terraform.io/hashicorp/aws\"]",
      "instances": [
        {
          "index_key": 0,
          "schema_version": 0,
          "attributes": {
            "bucket": "weather-data-yy-athena-output",
            "expected_bucket_owner": "",
            "id": "weather-data-yy-athena-output",
            "rule": [
              {
                "apply_server_side_encryption_by_default": [
                  {
                    "kms_master_key_id": "",
                    "sse_algorithm": "AES256"
                  }
                ],
                "bucket_key_enabled": false
              }
            ]
          },
          "sensitive_attributes": [],
          "identity_schema_version": 0,
          "private": "bnVsbA==",
          "dependencies": [
            "aws_s3_bucket.athena_output"
          ]
        }
      ]
    },
    {
      "mode": "managed",
      "type": "aws_s3_bucket_versioning",
      "name": "athena_output",
      "provider": "provider[\"registry.terraform.io/hashicorp/aws\"]",
      "instances": [
        {
          "index_key": 0,
          "schema_version": 0,
          "attributes": {
            "bucket": "weather-data-yy-athena-output",
            "expected_bucket_owner": "",
            "id": "weather-data-yy-athena-output",
            "mfa": null,
            "versioning_configuration": [
              {
                "mfa_delete": "",
                "status": "Enabled"
              }
            ]
          },
          "sensitive_attributes": [],
          "identity_schema_version": 0,
          "private": "bnVsbA==",
          "dependencies": [
            "aws_s3_bucket.athena_output"
          ]
        }
      ]
    }
  ],
  "check_results": null
}
